
Microsoft Visual Studio Solution File, Format Version 12.00
# Visual Studio 15
VisualStudioVersion = 15.0.27703.2026
MinimumVisualStudioVersion = 10.0.40219.1
Project("{9A19103F-16F7-4668-BE54-9A1E7A4F7556}") = "Crc32", "src\Crc32\Crc32.csproj", "{8FA359FB-04C4-4E9B-8512-FC3792934174}"
EndProject
Global
	GlobalSection(SolutionConfigurationPlatforms) = preSolution
		Debug|Any CPU = Debug|Any CPU
		Release|Any CPU = Release|Any CPU
	EndGlobalSection
	GlobalSection(ProjectConfigurationPlatforms) = postSolution
		{8FA359FB-04C4-4E9B-8512-FC3792934174}.Debug|Any CPU.ActiveCfg = Debug|Any CPU
		{8FA359FB-04C4-4E9B-8512-FC3792934174}.Debug|Any CPU.Build.0 = Debug|Any CPU
		{8FA359FB-04C4-4E9B-8512-FC3792934174}.Release|Any CPU.ActiveCfg = Release|Any CPU
		{8FA359FB-04C4-4E9B-8512-FC3792934174}.Release|Any CPU.Build.0 = Release|Any CPU
	EndGlobalSection
	GlobalSection(SolutionProperties) = preSolution
		HideSolutionNode = FALSE
	EndGlobalSection
	GlobalSection(ExtensibilityGlobals) = postSolution
		SolutionGuid = {25B790EC-7981-4435-8FB8-F0680E1D926D}
	EndGlobalSection
EndGlobal
